
Microsoft Visual Studio Solution File, Format Version 12.00
# Visual Studio Version 17
VisualStudioVersion = 17.7.34221.43
MinimumVisualStudioVersion = 10.0.40219.1
Project("{FAE04EC0-301F-11D3-BF4B-00C04F79EFBC}") = "Rocosa", "Rocosa\Rocosa.csproj", "{9E63B9C4-7A5C-4299-B3AD-EC2C39F7DE4C}"
EndProject
Global
	GlobalSection(SolutionConfigurationPlatforms) = preSolution
		Debug|Any CPU = Debug|Any CPU
		Release|Any CPU = Release|Any CPU
	EndGlobalSection
	GlobalSection(ProjectConfigurationPlatforms) = postSolution
		{9E63B9C4-7A5C-4299-B3AD-EC2C39F7DE4C}.Debug|Any CPU.ActiveCfg = Debug|Any CPU
		{9E63B9C4-7A5C-4299-B3AD-EC2C39F7DE4C}.Debug|Any CPU.Build.0 = Debug|Any CPU
		{9E63B9C4-7A5C-4299-B3AD-EC2C39F7DE4C}.Release|Any CPU.ActiveCfg = Release|Any CPU
		{9E63B9C4-7A5C-4299-B3AD-EC2C39F7DE4C}.Release|Any CPU.Build.0 = Release|Any CPU
	EndGlobalSection
	GlobalSection(SolutionProperties) = preSolution
		HideSolutionNode = FALSE
	EndGlobalSection
	GlobalSection(ExtensibilityGlobals) = postSolution
		SolutionGuid = {C8653187-8C9B-4E6E-A5DC-87976C23E379}
	EndGlobalSection
EndGlobal
